// !$*UTF8*$!
{
	archiveVersion = 1;
	classes = {
	};
	objectVersion = 55;
	objects = {

/* Begin PBXBuildFile section */
		560717BE2835EF860028A3BF /* RemoveKFromList.swift in Sources */ = {isa = PBXBuildFile; fileRef = 560717BD2835EF860028A3BF /* RemoveKFromList.swift */; };
		560717C02835F0150028A3BF /* LinkedListsTests.swift in Sources */ = {isa = PBXBuildFile; fileRef = 560717BF2835F0150028A3BF /* LinkedListsTests.swift */; };
		5651041A27E2E3440003DE23 /* AppDelegate.swift in Sources */ = {isa = PBXBuildFile; fileRef = 5651041927E2E3440003DE23 /* AppDelegate.swift */; };
		5651041C27E2E3440003DE23 /* SceneDelegate.swift in Sources */ = {isa = PBXBuildFile; fileRef = 5651041B27E2E3440003DE23 /* SceneDelegate.swift */; };
		5651041E27E2E3440003DE23 /* ViewController.swift in Sources */ = {isa = PBXBuildFile; fileRef = 5651041D27E2E3440003DE23 /* ViewController.swift */; };
		5651042127E2E3440003DE23 /* Main.storyboard in Resources */ = {isa = PBXBuildFile; fileRef = 5651041F27E2E3440003DE23 /* Main.storyboard */; };
		5651042327E2E3450003DE23 /* Assets.xcassets in Resources */ = {isa = PBXBuildFile; fileRef = 5651042227E2E3450003DE23 /* Assets.xcassets */; };
		5651042627E2E3450003DE23 /* LaunchScreen.storyboard in Resources */ = {isa = PBXBuildFile; fileRef = 5651042427E2E3450003DE23 /* LaunchScreen.storyboard */; };
		5651043127E2E3450003DE23 /* iOSSeniorDeveloperTests.swift in Sources */ = {isa = PBXBuildFile; fileRef = 5651043027E2E3450003DE23 /* iOSSeniorDeveloperTests.swift */; };
		56A3F1012817CAC90016E73C /* firstDuplicate.swift in Sources */ = {isa = PBXBuildFile; fileRef = 56A3F1002817CAC90016E73C /* firstDuplicate.swift */; };
		56A3F1032817CBF70016E73C /* ArraysTests.swift in Sources */ = {isa = PBXBuildFile; fileRef = 56A3F1022817CBF70016E73C /* ArraysTests.swift */; };
		56C07BF1283647D400CDD2B9 /* IsListPalindrome.swift in Sources */ = {isa = PBXBuildFile; fileRef = 56C07BF0283647D400CDD2B9 /* IsListPalindrome.swift */; };
		56C07BF32837347200CDD2B9 /* AddTwoHugeNumbers.swift in Sources */ = {isa = PBXBuildFile; fileRef = 56C07BF22837347200CDD2B9 /* AddTwoHugeNumbers.swift */; };
		56C07BF528373A9900CDD2B9 /* LinkedListUtility.swift in Sources */ = {isa = PBXBuildFile; fileRef = 56C07BF428373A9900CDD2B9 /* LinkedListUtility.swift */; };
		56F3528C282BBE7800E9CC4F /* isCryptSolution.swift in Sources */ = {isa = PBXBuildFile; fileRef = 56F3528B282BBE7800E9CC4F /* isCryptSolution.swift */; };
		56F3BE2B282A0FE300975D8F /* sudoku2.swift in Sources */ = {isa = PBXBuildFile; fileRef = 56F3BE2A282A0FE300975D8F /* sudoku2.swift */; };
		86265EC228264B9000C40693 /* firstNotRepeatingCharacter.swift in Sources */ = {isa = PBXBuildFile; fileRef = 86265EC128264B9000C40693 /* firstNotRepeatingCharacter.swift */; };
		86265EC528264F2B00C40693 /* myPrint.swift in Sources */ = {isa = PBXBuildFile; fileRef = 86265EC428264F2B00C40693 /* myPrint.swift */; };
		86265EC82826527200C40693 /* extensionString.swift in Sources */ = {isa = PBXBuildFile; fileRef = 86265EC72826527200C40693 /* extensionString.swift */; };
		86265ECA28279C0300C40693 /* rotateImage.swift in Sources */ = {isa = PBXBuildFile; fileRef = 86265EC928279C0300C40693 /* rotateImage.swift */; };
/* End PBXBuildFile section */

/* Begin PBXContainerItemProxy section */
		5651042D27E2E3450003DE23 /* PBXContainerItemProxy */ = {
			isa = PBXContainerItemProxy;
			containerPortal = 5651040E27E2E3440003DE23 /* Project object */;
			proxyType = 1;
			remoteGlobalIDString = 5651041527E2E3440003DE23;
			remoteInfo = iOSSeniorDeveloper;
		};
/* End PBXContainerItemProxy section */

/* Begin PBXFileReference section */
		560717BD2835EF860028A3BF /* RemoveKFromList.swift */ = {isa = PBXFileReference; lastKnownFileType = sourcecode.swift; path = RemoveKFromList.swift; sourceTree = "<group>"; };
		560717BF2835F0150028A3BF /* LinkedListsTests.swift */ = {isa = PBXFileReference; lastKnownFileType = sourcecode.swift; path = LinkedListsTests.swift; sourceTree = "<group>"; };
		5651041627E2E3440003DE23 /* iOSSeniorDeveloper.app */ = {isa = PBXFileReference; explicitFileType = wrapper.application; includeInIndex = 0; path = iOSSeniorDeveloper.app; sourceTree = BUILT_PRODUCTS_DIR; };
		5651041927E2E3440003DE23 /* AppDelegate.swift */ = {isa = PBXFileReference; lastKnownFileType = sourcecode.swift; path = AppDelegate.swift; sourceTree = "<group>"; };
		5651041B27E2E3440003DE23 /* SceneDelegate.swift */ = {isa = PBXFileReference; lastKnownFileType = sourcecode.swift; path = SceneDelegate.swift; sourceTree = "<group>"; };
		5651041D27E2E3440003DE23 /* ViewController.swift */ = {isa = PBXFileReference; lastKnownFileType = sourcecode.swift; path = ViewController.swift; sourceTree = "<group>"; };
		5651042027E2E3440003DE23 /* Base */ = {isa = PBXFileReference; lastKnownFileType = file.storyboard; name = Base; path = Base.lproj/Main.storyboard; sourceTree = "<group>"; };
		5651042227E2E3450003DE23 /* Assets.xcassets */ = {isa = PBXFileReference; lastKnownFileType = folder.assetcatalog; path = Assets.xcassets; sourceTree = "<group>"; };
		5651042527E2E3450003DE23 /* Base */ = {isa = PBXFileReference; lastKnownFileType = file.storyboard; name = Base; path = Base.lproj/LaunchScreen.storyboard; sourceTree = "<group>"; };
		5651042727E2E3450003DE23 /* Info.plist */ = {isa = PBXFileReference; lastKnownFileType = text.plist.xml; path = Info.plist; sourceTree = "<group>"; };
		5651042C27E2E3450003DE23 /* iOSSeniorDeveloperTests.xctest */ = {isa = PBXFileReference; explicitFileType = wrapper.cfbundle; includeInIndex = 0; path = iOSSeniorDeveloperTests.xctest; sourceTree = BUILT_PRODUCTS_DIR; };
		5651043027E2E3450003DE23 /* iOSSeniorDeveloperTests.swift */ = {isa = PBXFileReference; lastKnownFileType = sourcecode.swift; path = iOSSeniorDeveloperTests.swift; sourceTree = "<group>"; };
		56A3F1002817CAC90016E73C /* firstDuplicate.swift */ = {isa = PBXFileReference; lastKnownFileType = sourcecode.swift; path = firstDuplicate.swift; sourceTree = "<group>"; };
		56A3F1022817CBF70016E73C /* ArraysTests.swift */ = {isa = PBXFileReference; lastKnownFileType = sourcecode.swift; path = ArraysTests.swift; sourceTree = "<group>"; };
		56C07BF0283647D400CDD2B9 /* IsListPalindrome.swift */ = {isa = PBXFileReference; lastKnownFileType = sourcecode.swift; path = IsListPalindrome.swift; sourceTree = "<group>"; };
		56C07BF22837347200CDD2B9 /* AddTwoHugeNumbers.swift */ = {isa = PBXFileReference; lastKnownFileType = sourcecode.swift; path = AddTwoHugeNumbers.swift; sourceTree = "<group>"; };
		56C07BF428373A9900CDD2B9 /* LinkedListUtility.swift */ = {isa = PBXFileReference; lastKnownFileType = sourcecode.swift; path = LinkedListUtility.swift; sourceTree = "<group>"; };
		56F3528B282BBE7800E9CC4F /* isCryptSolution.swift */ = {isa = PBXFileReference; lastKnownFileType = sourcecode.swift; path = isCryptSolution.swift; sourceTree = "<group>"; };
		56F3BE2A282A0FE300975D8F /* sudoku2.swift */ = {isa = PBXFileReference; lastKnownFileType = sourcecode.swift; path = sudoku2.swift; sourceTree = "<group>"; };
		86265EC128264B9000C40693 /* firstNotRepeatingCharacter.swift */ = {isa = PBXFileReference; lastKnownFileType = sourcecode.swift; path = firstNotRepeatingCharacter.swift; sourceTree = "<group>"; };
		86265EC428264F2B00C40693 /* myPrint.swift */ = {isa = PBXFileReference; lastKnownFileType = sourcecode.swift; path = myPrint.swift; sourceTree = "<group>"; };
		86265EC72826527200C40693 /* extensionString.swift */ = {isa = PBXFileReference; lastKnownFileType = sourcecode.swift; path = extensionString.swift; sourceTree = "<group>"; };
		86265EC928279C0300C40693 /* rotateImage.swift */ = {isa = PBXFileReference; lastKnownFileType = sourcecode.swift; path = rotateImage.swift; sourceTree = "<group>"; };
/* End PBXFileReference section */

/* Begin PBXFrameworksBuildPhase section */
		5651041327E2E3440003DE23 /* Frameworks */ = {
			isa = PBXFrameworksBuildPhase;
			buildActionMask = 2147483647;
			files = (
			);
			runOnlyForDeploymentPostprocessing = 0;
		};
		5651042927E2E3450003DE23 /* Frameworks */ = {
			isa = PBXFrameworksBuildPhase;
			buildActionMask = 2147483647;
			files = (
			);
			runOnlyForDeploymentPostprocessing = 0;
		};
/* End PBXFrameworksBuildPhase section */

/* Begin PBXGroup section */
		560717BC2835EF590028A3BF /* LinkedLists */ = {
			isa = PBXGroup;
			children = (
				560717BD2835EF860028A3BF /* RemoveKFromList.swift */,
				56C07BF0283647D400CDD2B9 /* IsListPalindrome.swift */,
				56C07BF22837347200CDD2B9 /* AddTwoHugeNumbers.swift */,
			);
			path = LinkedLists;
			sourceTree = "<group>";
		};
		5651040D27E2E3440003DE23 = {
			isa = PBXGroup;
			children = (
				5651041827E2E3440003DE23 /* iOSSeniorDeveloper */,
				5651042F27E2E3450003DE23 /* iOSSeniorDeveloperTests */,
				5651041727E2E3440003DE23 /* Products */,
			);
			sourceTree = "<group>";
		};
		5651041727E2E3440003DE23 /* Products */ = {
			isa = PBXGroup;
			children = (
				5651041627E2E3440003DE23 /* iOSSeniorDeveloper.app */,
				5651042C27E2E3450003DE23 /* iOSSeniorDeveloperTests.xctest */,
			);
			name = Products;
			sourceTree = "<group>";
		};
		5651041827E2E3440003DE23 /* iOSSeniorDeveloper */ = {
			isa = PBXGroup;
			children = (
				56C07BF628373AAE00CDD2B9 /* Structures */,
				86265EC62826526400C40693 /* Extensions */,
				86265EC328264F1F00C40693 /* Utilities */,
				56A3F0FE2817CA960016E73C /* DataStructures */,
				5651041927E2E3440003DE23 /* AppDelegate.swift */,
				5651041B27E2E3440003DE23 /* SceneDelegate.swift */,
				5651041D27E2E3440003DE23 /* ViewController.swift */,
				5651041F27E2E3440003DE23 /* Main.storyboard */,
				5651042227E2E3450003DE23 /* Assets.xcassets */,
				5651042427E2E3450003DE23 /* LaunchScreen.storyboard */,
				5651042727E2E3450003DE23 /* Info.plist */,
			);
			path = iOSSeniorDeveloper;
			sourceTree = "<group>";
		};
		5651042F27E2E3450003DE23 /* iOSSeniorDeveloperTests */ = {
			isa = PBXGroup;
			children = (
				560717BF2835F0150028A3BF /* LinkedListsTests.swift */,
				56A3F1022817CBF70016E73C /* ArraysTests.swift */,
				5651043027E2E3450003DE23 /* iOSSeniorDeveloperTests.swift */,
			);
			path = iOSSeniorDeveloperTests;
			sourceTree = "<group>";
		};
		56A3F0FE2817CA960016E73C /* DataStructures */ = {
			isa = PBXGroup;
			children = (
				560717BC2835EF590028A3BF /* LinkedLists */,
				56A3F0FF2817CAB10016E73C /* Arrays */,
			);
			path = DataStructures;
			sourceTree = "<group>";
		};
		56A3F0FF2817CAB10016E73C /* Arrays */ = {
			isa = PBXGroup;
			children = (
				56A3F1002817CAC90016E73C /* firstDuplicate.swift */,
				86265EC128264B9000C40693 /* firstNotRepeatingCharacter.swift */,
				86265EC928279C0300C40693 /* rotateImage.swift */,
				56F3BE2A282A0FE300975D8F /* sudoku2.swift */,
				56F3528B282BBE7800E9CC4F /* isCryptSolution.swift */,
			);
			path = Arrays;
			sourceTree = "<group>";
		};
		56C07BF628373AAE00CDD2B9 /* Structures */ = {
			isa = PBXGroup;
			children = (
			);
			path = Structures;
			sourceTree = "<group>";
		};
		86265EC328264F1F00C40693 /* Utilities */ = {
			isa = PBXGroup;
			children = (
				86265EC428264F2B00C40693 /* myPrint.swift */,
				56C07BF428373A9900CDD2B9 /* LinkedListUtility.swift */,
			);
			path = Utilities;
			sourceTree = "<group>";
		};
		86265EC62826526400C40693 /* Extensions */ = {
			isa = PBXGroup;
			children = (
				86265EC72826527200C40693 /* extensionString.swift */,
			);
			path = Extensions;
			sourceTree = "<group>";
		};
/* End PBXGroup section */

/* Begin PBXNativeTarget section */
		5651041527E2E3440003DE23 /* iOSSeniorDeveloper */ = {
			isa = PBXNativeTarget;
			buildConfigurationList = 5651044027E2E3450003DE23 /* Build configuration list for PBXNativeTarget "iOSSeniorDeveloper" */;
			buildPhases = (
				5651041227E2E3440003DE23 /* Sources */,
				5651041327E2E3440003DE23 /* Frameworks */,
				5651041427E2E3440003DE23 /* Resources */,
			);
			buildRules = (
			);
			dependencies = (
			);
			name = iOSSeniorDeveloper;
			productName = iOSSeniorDeveloper;
			productReference = 5651041627E2E3440003DE23 /* iOSSeniorDeveloper.app */;
			productType = "com.apple.product-type.application";
		};
		5651042B27E2E3450003DE23 /* iOSSeniorDeveloperTests */ = {
			isa = PBXNativeTarget;
			buildConfigurationList = 5651044327E2E3450003DE23 /* Build configuration list for PBXNativeTarget "iOSSeniorDeveloperTests" */;
			buildPhases = (
				5651042827E2E3450003DE23 /* Sources */,
				5651042927E2E3450003DE23 /* Frameworks */,
				5651042A27E2E3450003DE23 /* Resources */,
			);
			buildRules = (
			);
			dependencies = (
				5651042E27E2E3450003DE23 /* PBXTargetDependency */,
			);
			name = iOSSeniorDeveloperTests;
			productName = iOSSeniorDeveloperTests;
			productReference = 5651042C27E2E3450003DE23 /* iOSSeniorDeveloperTests.xctest */;
			productType = "com.apple.product-type.bundle.unit-test";
		};
/* End PBXNativeTarget section */

/* Begin PBXProject section */
		5651040E27E2E3440003DE23 /* Project object */ = {
			isa = PBXProject;
			attributes = {
				BuildIndependentTargetsInParallel = 1;
				LastSwiftUpdateCheck = 1320;
				LastUpgradeCheck = 1320;
				TargetAttributes = {
					5651041527E2E3440003DE23 = {
						CreatedOnToolsVersion = 13.2.1;
					};
					5651042B27E2E3450003DE23 = {
						CreatedOnToolsVersion = 13.2.1;
						TestTargetID = 5651041527E2E3440003DE23;
					};
				};
			};
			buildConfigurationList = 5651041127E2E3440003DE23 /* Build configuration list for PBXProject "iOSSeniorDeveloper" */;
			compatibilityVersion = "Xcode 13.0";
			developmentRegion = en;
			hasScannedForEncodings = 0;
			knownRegions = (
				en,
				Base,
			);
			mainGroup = 5651040D27E2E3440003DE23;
			productRefGroup = 5651041727E2E3440003DE23 /* Products */;
			projectDirPath = "";
			projectRoot = "";
			targets = (
				5651041527E2E3440003DE23 /* iOSSeniorDeveloper */,
				5651042B27E2E3450003DE23 /* iOSSeniorDeveloperTests */,
			);
		};
/* End PBXProject section */

/* Begin PBXResourcesBuildPhase section */
		5651041427E2E3440003DE23 /* Resources */ = {
			isa = PBXResourcesBuildPhase;
			buildActionMask = 2147483647;
			files = (
				5651042627E2E3450003DE23 /* LaunchScreen.storyboard in Resources */,
				5651042327E2E3450003DE23 /* Assets.xcassets in Resources */,
				5651042127E2E3440003DE23 /* Main.storyboard in Resources */,
			);
			runOnlyForDeploymentPostprocessing = 0;
		};
		5651042A27E2E3450003DE23 /* Resources */ = {
			isa = PBXResourcesBuildPhase;
			buildActionMask = 2147483647;
			files = (
			);
			runOnlyForDeploymentPostprocessing = 0;
		};
/* End PBXResourcesBuildPhase section */

/* Begin PBXSourcesBuildPhase section */
		5651041227E2E3440003DE23 /* Sources */ = {
			isa = PBXSourcesBuildPhase;
			buildActionMask = 2147483647;
			files = (
				56C07BF32837347200CDD2B9 /* AddTwoHugeNumbers.swift in Sources */,
				560717BE2835EF860028A3BF /* RemoveKFromList.swift in Sources */,
				86265EC228264B9000C40693 /* firstNotRepeatingCharacter.swift in Sources */,
				86265EC528264F2B00C40693 /* myPrint.swift in Sources */,
				5651041E27E2E3440003DE23 /* ViewController.swift in Sources */,
				56C07BF1283647D400CDD2B9 /* IsListPalindrome.swift in Sources */,
				5651041A27E2E3440003DE23 /* AppDelegate.swift in Sources */,
				56A3F1012817CAC90016E73C /* firstDuplicate.swift in Sources */,
				5651041C27E2E3440003DE23 /* SceneDelegate.swift in Sources */,
				56C07BF528373A9900CDD2B9 /* LinkedListUtility.swift in Sources */,
				86265ECA28279C0300C40693 /* rotateImage.swift in Sources */,
				56F3528C282BBE7800E9CC4F /* isCryptSolution.swift in Sources */,
				56F3BE2B282A0FE300975D8F /* sudoku2.swift in Sources */,
				86265EC82826527200C40693 /* extensionString.swift in Sources */,
			);
			runOnlyForDeploymentPostprocessing = 0;
		};
		5651042827E2E3450003DE23 /* Sources */ = {
			isa = PBXSourcesBuildPhase;
			buildActionMask = 2147483647;
			files = (
				5651043127E2E3450003DE23 /* iOSSeniorDeveloperTests.swift in Sources */,
				560717C02835F0150028A3BF /* LinkedListsTests.swift in Sources */,
				56A3F1032817CBF70016E73C /* ArraysTests.swift in Sources */,
			);
			runOnlyForDeploymentPostprocessing = 0;
		};
/* End PBXSourcesBuildPhase section */

/* Begin PBXTargetDependency section */
		5651042E27E2E3450003DE23 /* PBXTargetDependency */ = {
			isa = PBXTargetDependency;
			target = 5651041527E2E3440003DE23 /* iOSSeniorDeveloper */;
			targetProxy = 5651042D27E2E3450003DE23 /* PBXContainerItemProxy */;
		};
/* End PBXTargetDependency section */

/* Begin PBXVariantGroup section */
		5651041F27E2E3440003DE23 /* Main.storyboard */ = {
			isa = PBXVariantGroup;
			children = (
				5651042027E2E3440003DE23 /* Base */,
			);
			name = Main.storyboard;
			sourceTree = "<group>";
		};
		5651042427E2E3450003DE23 /* LaunchScreen.storyboard */ = {
			isa = PBXVariantGroup;
			children = (
				5651042527E2E3450003DE23 /* Base */,
			);
			name = LaunchScreen.storyboard;
			sourceTree = "<group>";
		};
/* End PBXVariantGroup section */

/* Begin XCBuildConfiguration section */
		5651043E27E2E3450003DE23 /* Debug */ = {
			isa = XCBuildConfiguration;
			buildSettings = {
				ALWAYS_SEARCH_USER_PATHS = NO;
				CLANG_ANALYZER_NONNULL = YES;
				CLANG_ANALYZER_NUMBER_OBJECT_CONVERSION = YES_AGGRESSIVE;
				CLANG_CXX_LANGUAGE_STANDARD = "gnu++17";
				CLANG_CXX_LIBRARY = "libc++";
				CLANG_ENABLE_MODULES = YES;
				CLANG_ENABLE_OBJC_ARC = YES;
				CLANG_ENABLE_OBJC_WEAK = YES;
				CLANG_WARN_BLOCK_CAPTURE_AUTORELEASING = YES;
				CLANG_WARN_BOOL_CONVERSION = YES;
				CLANG_WARN_COMMA = YES;
				CLANG_WARN_CONSTANT_CONVERSION = YES;
				CLANG_WARN_DEPRECATED_OBJC_IMPLEMENTATIONS = YES;
				CLANG_WARN_DIRECT_OBJC_ISA_USAGE = YES_ERROR;
				CLANG_WARN_DOCUMENTATION_COMMENTS = YES;
				CLANG_WARN_EMPTY_BODY = YES;
				CLANG_WARN_ENUM_CONVERSION = YES;
				CLANG_WARN_INFINITE_RECURSION = YES;
				CLANG_WARN_INT_CONVERSION = YES;
				CLANG_WARN_NON_LITERAL_NULL_CONVERSION = YES;
				CLANG_WARN_OBJC_IMPLICIT_RETAIN_SELF = YES;
				CLANG_WARN_OBJC_LITERAL_CONVERSION = YES;
				CLANG_WARN_OBJC_ROOT_CLASS = YES_ERROR;
				CLANG_WARN_QUOTED_INCLUDE_IN_FRAMEWORK_HEADER = YES;
				CLANG_WARN_RANGE_LOOP_ANALYSIS = YES;
				CLANG_WARN_STRICT_PROTOTYPES = YES;
				CLANG_WARN_SUSPICIOUS_MOVE = YES;
				CLANG_WARN_UNGUARDED_AVAILABILITY = YES_AGGRESSIVE;
				CLANG_WARN_UNREACHABLE_CODE = YES;
				CLANG_WARN__DUPLICATE_METHOD_MATCH = YES;
				COPY_PHASE_STRIP = NO;
				DEBUG_INFORMATION_FORMAT = dwarf;
				ENABLE_STRICT_OBJC_MSGSEND = YES;
				ENABLE_TESTABILITY = YES;
				GCC_C_LANGUAGE_STANDARD = gnu11;
				GCC_DYNAMIC_NO_PIC = NO;
				GCC_NO_COMMON_BLOCKS = YES;
				GCC_OPTIMIZATION_LEVEL = 0;
				GCC_PREPROCESSOR_DEFINITIONS = (
					"DEBUG=1",
					"$(inherited)",
				);
				GCC_WARN_64_TO_32_BIT_CONVERSION = YES;
				GCC_WARN_ABOUT_RETURN_TYPE = YES_ERROR;
				GCC_WARN_UNDECLARED_SELECTOR = YES;
				GCC_WARN_UNINITIALIZED_AUTOS = YES_AGGRESSIVE;
				GCC_WARN_UNUSED_FUNCTION = YES;
				GCC_WARN_UNUSED_VARIABLE = YES;
				IPHONEOS_DEPLOYMENT_TARGET = 13.0;
				MTL_ENABLE_DEBUG_INFO = INCLUDE_SOURCE;
				MTL_FAST_MATH = YES;
				ONLY_ACTIVE_ARCH = YES;
				SDKROOT = iphoneos;
				SWIFT_ACTIVE_COMPILATION_CONDITIONS = DEBUG;
				SWIFT_OPTIMIZATION_LEVEL = "-Onone";
			};
			name = Debug;
		};
		5651043F27E2E3450003DE23 /* Release */ = {
			isa = XCBuildConfiguration;
			buildSettings = {
				ALWAYS_SEARCH_USER_PATHS = NO;
				CLANG_ANALYZER_NONNULL = YES;
				CLANG_ANALYZER_NUMBER_OBJECT_CONVERSION = YES_AGGRESSIVE;
				CLANG_CXX_LANGUAGE_STANDARD = "gnu++17";
				CLANG_CXX_LIBRARY = "libc++";
				CLANG_ENABLE_MODULES = YES;
				CLANG_ENABLE_OBJC_ARC = YES;
				CLANG_ENABLE_OBJC_WEAK = YES;
				CLANG_WARN_BLOCK_CAPTURE_AUTORELEASING = YES;
				CLANG_WARN_BOOL_CONVERSION = YES;
				CLANG_WARN_COMMA = YES;
				CLANG_WARN_CONSTANT_CONVERSION = YES;
				CLANG_WARN_DEPRECATED_OBJC_IMPLEMENTATIONS = YES;
				CLANG_WARN_DIRECT_OBJC_ISA_USAGE = YES_ERROR;
				CLANG_WARN_DOCUMENTATION_COMMENTS = YES;
				CLANG_WARN_EMPTY_BODY = YES;
				CLANG_WARN_ENUM_CONVERSION = YES;
				CLANG_WARN_INFINITE_RECURSION = YES;
				CLANG_WARN_INT_CONVERSION = YES;
				CLANG_WARN_NON_LITERAL_NULL_CONVERSION = YES;
				CLANG_WARN_OBJC_IMPLICIT_RETAIN_SELF = YES;
				CLANG_WARN_OBJC_LITERAL_CONVERSION = YES;
				CLANG_WARN_OBJC_ROOT_CLASS = YES_ERROR;
				CLANG_WARN_QUOTED_INCLUDE_IN_FRAMEWORK_HEADER = YES;
				CLANG_WARN_RANGE_LOOP_ANALYSIS = YES;
				CLANG_WARN_STRICT_PROTOTYPES = YES;
				CLANG_WARN_SUSPICIOUS_MOVE = YES;
				CLANG_WARN_UNGUARDED_AVAILABILITY = YES_AGGRESSIVE;
				CLANG_WARN_UNREACHABLE_CODE = YES;
				CLANG_WARN__DUPLICATE_METHOD_MATCH = YES;
				COPY_PHASE_STRIP = NO;
				DEBUG_INFORMATION_FORMAT = "dwarf-with-dsym";
				ENABLE_NS_ASSERTIONS = NO;
				ENABLE_STRICT_OBJC_MSGSEND = YES;
				GCC_C_LANGUAGE_STANDARD = gnu11;
				GCC_NO_COMMON_BLOCKS = YES;
				GCC_WARN_64_TO_32_BIT_CONVERSION = YES;
				GCC_WARN_ABOUT_RETURN_TYPE = YES_ERROR;
				GCC_WARN_UNDECLARED_SELECTOR = YES;
				GCC_WARN_UNINITIALIZED_AUTOS = YES_AGGRESSIVE;
				GCC_WARN_UNUSED_FUNCTION = YES;
				GCC_WARN_UNUSED_VARIABLE = YES;
				IPHONEOS_DEPLOYMENT_TARGET = 13.0;
				MTL_ENABLE_DEBUG_INFO = NO;
				MTL_FAST_MATH = YES;
				SDKROOT = iphoneos;
				SWIFT_COMPILATION_MODE = wholemodule;
				SWIFT_OPTIMIZATION_LEVEL = "-O";
				VALIDATE_PRODUCT = YES;
			};
			name = Release;
		};
		5651044127E2E3450003DE23 /* Debug */ = {
			isa = XCBuildConfiguration;
			buildSettings = {
				ASSETCATALOG_COMPILER_APPICON_NAME = AppIcon;
				ASSETCATALOG_COMPILER_GLOBAL_ACCENT_COLOR_NAME = AccentColor;
				CODE_SIGN_STYLE = Automatic;
				CURRENT_PROJECT_VERSION = 1;
				DEVELOPMENT_TEAM = R868Q9952Q;
				GENERATE_INFOPLIST_FILE = YES;
				INFOPLIST_FILE = iOSSeniorDeveloper/Info.plist;
				INFOPLIST_KEY_UIApplicationSupportsIndirectInputEvents = YES;
				INFOPLIST_KEY_UILaunchStoryboardName = LaunchScreen;
				INFOPLIST_KEY_UIMainStoryboardFile = Main;
				INFOPLIST_KEY_UISupportedInterfaceOrientations_iPad = "UIInterfaceOrientationPortrait UIInterfaceOrientationPortraitUpsideDown UIInterfaceOrientationLandscapeLeft UIInterfaceOrientationLandscapeRight";
				INFOPLIST_KEY_UISupportedInterfaceOrientations_iPhone = "UIInterfaceOrientationPortrait UIInterfaceOrientationLandscapeLeft UIInterfaceOrientationLandscapeRight";
				IPHONEOS_DEPLOYMENT_TARGET = 13.0;
				LD_RUNPATH_SEARCH_PATHS = (
					"$(inherited)",
					"@executable_path/Frameworks",
				);
				MARKETING_VERSION = 1.0;
				PRODUCT_BUNDLE_IDENTIFIER = com.sean.iOSSeniorDeveloper;
				PRODUCT_NAME = "$(TARGET_NAME)";
				SWIFT_EMIT_LOC_STRINGS = YES;
				SWIFT_VERSION = 5.0;
				TARGETED_DEVICE_FAMILY = "1,2";
			};
			name = Debug;
		};
		5651044227E2E3450003DE23 /* Release */ = {
			isa = XCBuildConfiguration;
			buildSettings = {
				ASSETCATALOG_COMPILER_APPICON_NAME = AppIcon;
				ASSETCATALOG_COMPILER_GLOBAL_ACCENT_COLOR_NAME = AccentColor;
				CODE_SIGN_STYLE = Automatic;
				CURRENT_PROJECT_VERSION = 1;
				DEVELOPMENT_TEAM = R868Q9952Q;
				GENERATE_INFOPLIST_FILE = YES;
				INFOPLIST_FILE = iOSSeniorDeveloper/Info.plist;
				INFOPLIST_KEY_UIApplicationSupportsIndirectInputEvents = YES;
				INFOPLIST_KEY_UILaunchStoryboardName = LaunchScreen;
				INFOPLIST_KEY_UIMainStoryboardFile = Main;
				INFOPLIST_KEY_UISupportedInterfaceOrientations_iPad = "UIInterfaceOrientationPortrait UIInterfaceOrientationPortraitUpsideDown UIInterfaceOrientationLandscapeLeft UIInterfaceOrientationLandscapeRight";
				INFOPLIST_KEY_UISupportedInterfaceOrientations_iPhone = "UIInterfaceOrientationPortrait UIInterfaceOrientationLandscapeLeft UIInterfaceOrientationLandscapeRight";
				IPHONEOS_DEPLOYMENT_TARGET = 13.0;
				LD_RUNPATH_SEARCH_PATHS = (
					"$(inherited)",
					"@executable_path/Frameworks",
				);
				MARKETING_VERSION = 1.0;
				PRODUCT_BUNDLE_IDENTIFIER = com.sean.iOSSeniorDeveloper;
				PRODUCT_NAME = "$(TARGET_NAME)";
				SWIFT_EMIT_LOC_STRINGS = YES;
				SWIFT_VERSION = 5.0;
				TARGETED_DEVICE_FAMILY = "1,2";
			};
			name = Release;
		};
		5651044427E2E3450003DE23 /* Debug */ = {
			isa = XCBuildConfiguration;
			buildSettings = {
				ALWAYS_EMBED_SWIFT_STANDARD_LIBRARIES = YES;
				BUNDLE_LOADER = "$(TEST_HOST)";
				CODE_SIGN_STYLE = Automatic;
				CURRENT_PROJECT_VERSION = 1;
				DEVELOPMENT_TEAM = R868Q9952Q;
				GENERATE_INFOPLIST_FILE = YES;
				IPHONEOS_DEPLOYMENT_TARGET = 13.0;
				MARKETING_VERSION = 1.0;
				PRODUCT_BUNDLE_IDENTIFIER = com.sean.iOSSeniorDeveloperTests;
				PRODUCT_NAME = "$(TARGET_NAME)";
				SWIFT_EMIT_LOC_STRINGS = NO;
				SWIFT_VERSION = 5.0;
				TARGETED_DEVICE_FAMILY = "1,2";
				TEST_HOST = "$(BUILT_PRODUCTS_DIR)/iOSSeniorDeveloper.app/iOSSeniorDeveloper";
			};
			name = Debug;
		};
		5651044527E2E3450003DE23 /* Release */ = {
			isa = XCBuildConfiguration;
			buildSettings = {
				ALWAYS_EMBED_SWIFT_STANDARD_LIBRARIES = YES;
				BUNDLE_LOADER = "$(TEST_HOST)";
				CODE_SIGN_STYLE = Automatic;
				CURRENT_PROJECT_VERSION = 1;
				DEVELOPMENT_TEAM = R868Q9952Q;
				GENERATE_INFOPLIST_FILE = YES;
				IPHONEOS_DEPLOYMENT_TARGET = 13.0;
				MARKETING_VERSION = 1.0;
				PRODUCT_BUNDLE_IDENTIFIER = com.sean.iOSSeniorDeveloperTests;
				PRODUCT_NAME = "$(TARGET_NAME)";
				SWIFT_EMIT_LOC_STRINGS = NO;
				SWIFT_VERSION = 5.0;
				TARGETED_DEVICE_FAMILY = "1,2";
				TEST_HOST = "$(BUILT_PRODUCTS_DIR)/iOSSeniorDeveloper.app/iOSSeniorDeveloper";
			};
			name = Release;
		};
/* End XCBuildConfiguration section */

/* Begin XCConfigurationList section */
		5651041127E2E3440003DE23 /* Build configuration list for PBXProject "iOSSeniorDeveloper" */ = {
			isa = XCConfigurationList;
			buildConfigurations = (
				5651043E27E2E3450003DE23 /* Debug */,
				5651043F27E2E3450003DE23 /* Release */,
			);
			defaultConfigurationIsVisible = 0;
			defaultConfigurationName = Release;
		};
		5651044027E2E3450003DE23 /* Build configuration list for PBXNativeTarget "iOSSeniorDeveloper" */ = {
			isa = XCConfigurationList;
			buildConfigurations = (
				5651044127E2E3450003DE23 /* Debug */,
				5651044227E2E3450003DE23 /* Release */,
			);
			defaultConfigurationIsVisible = 0;
			defaultConfigurationName = Release;
		};
		5651044327E2E3450003DE23 /* Build configuration list for PBXNativeTarget "iOSSeniorDeveloperTests" */ = {
			isa = XCConfigurationList;
			buildConfigurations = (
				5651044427E2E3450003DE23 /* Debug */,
				5651044527E2E3450003DE23 /* Release */,
			);
			defaultConfigurationIsVisible = 0;
			defaultConfigurationName = Release;
		};
/* End XCConfigurationList section */
	};
	rootObject = 5651040E27E2E3440003DE23 /* Project object */;
}
